// !$*UTF8*$!
{
	archiveVersion = 1;
	classes = {
	};
	objectVersion = 77;
	objects = {

/* Begin PBXBuildFile section */
		380CB8B62E1268CA00FF5158 /* Settings.swift in Sources */ = {isa = PBXBuildFile; fileRef = 380CB8B52E1268CA00FF5158 /* Settings.swift */; };
		380CB8B82E126FC300FF5158 /* jTransportationTypeToMK.swift in Sources */ = {isa = PBXBuildFile; fileRef = 380CB8B72E126FC300FF5158 /* jTransportationTypeToMK.swift */; };
		380CB8BA2E1306B400FF5158 /* FeedbackButton.swift in Sources */ = {isa = PBXBuildFile; fileRef = 380CB8B92E1306B400FF5158 /* FeedbackButton.swift */; };
		381C1DCA2E11ADE5006BF692 /* randomNonceString.swift in Sources */ = {isa = PBXBuildFile; fileRef = 381C1DC92E11ADE5006BF692 /* randomNonceString.swift */; };
		381C1DCF2E11C18A006BF692 /* LocationVM.swift in Sources */ = {isa = PBXBuildFile; fileRef = 381C1DCE2E11C18A006BF692 /* LocationVM.swift */; };
		381C1DD12E11D2BF006BF692 /* showSiteInApp.swift in Sources */ = {isa = PBXBuildFile; fileRef = 381C1DD02E11D2BF006BF692 /* showSiteInApp.swift */; };
		38303E3E2E0DB1180085AFC4 /* TabsView.swift in Sources */ = {isa = PBXBuildFile; fileRef = 38303E3A2E0DB1180085AFC4 /* TabsView.swift */; };
		38303E3F2E0DB1180085AFC4 /* TechMapApp.swift in Sources */ = {isa = PBXBuildFile; fileRef = 38303E3C2E0DB1180085AFC4 /* TechMapApp.swift */; };
		38303E402E0DB1180085AFC4 /* Assets.xcassets in Resources */ = {isa = PBXBuildFile; fileRef = 38303E392E0DB1180085AFC4 /* Assets.xcassets */; };
		38303E462E0DB1650085AFC4 /* MapTabView.swift in Sources */ = {isa = PBXBuildFile; fileRef = 38303E452E0DB1650085AFC4 /* MapTabView.swift */; };
		38303E482E0DB16D0085AFC4 /* SettingsTabView.swift in Sources */ = {isa = PBXBuildFile; fileRef = 38303E472E0DB16D0085AFC4 /* SettingsTabView.swift */; };
		38303E4A2E0DB17B0085AFC4 /* ListTabView.swift in Sources */ = {isa = PBXBuildFile; fileRef = 38303E492E0DB17B0085AFC4 /* ListTabView.swift */; };
		38303E4C2E0DF46E0085AFC4 /* GoogleService-Info.plist in Resources */ = {isa = PBXBuildFile; fileRef = 38303E4B2E0DF46E0085AFC4 /* GoogleService-Info.plist */; };
		38303E4F2E0DF55D0085AFC4 /* FirebaseAnalytics in Frameworks */ = {isa = PBXBuildFile; productRef = 38303E4E2E0DF55D0085AFC4 /* FirebaseAnalytics */; };
		38303E512E0DF55D0085AFC4 /* FirebaseAuth in Frameworks */ = {isa = PBXBuildFile; productRef = 38303E502E0DF55D0085AFC4 /* FirebaseAuth */; };
		38303E532E0DF55D0085AFC4 /* FirebaseFirestore in Frameworks */ = {isa = PBXBuildFile; productRef = 38303E522E0DF55D0085AFC4 /* FirebaseFirestore */; };
		38303E562E0DF8620085AFC4 /* GoogleSignIn in Frameworks */ = {isa = PBXBuildFile; productRef = 38303E552E0DF8620085AFC4 /* GoogleSignIn */; };
		38303E582E0DF8620085AFC4 /* GoogleSignInSwift in Frameworks */ = {isa = PBXBuildFile; productRef = 38303E572E0DF8620085AFC4 /* GoogleSignInSwift */; };
		38303E5C2E0E00970085AFC4 /* FirebaseVM.swift in Sources */ = {isa = PBXBuildFile; fileRef = 38303E5B2E0E00970085AFC4 /* FirebaseVM.swift */; };
		383EF5072E190E7200C6799E /* RatingButton.swift in Sources */ = {isa = PBXBuildFile; fileRef = 383EF5062E190E7200C6799E /* RatingButton.swift */; };
		383EF5092E1A473700C6799E /* zoomTo.swift in Sources */ = {isa = PBXBuildFile; fileRef = 383EF5082E1A473700C6799E /* zoomTo.swift */; };
		383EF50B2E1C38E000C6799E /* MoreOptionsView.swift in Sources */ = {isa = PBXBuildFile; fileRef = 383EF50A2E1C38E000C6799E /* MoreOptionsView.swift */; };
		383EF50D2E1C40E700C6799E /* exportCompaniesToCSV.swift in Sources */ = {isa = PBXBuildFile; fileRef = 383EF50C2E1C40E700C6799E /* exportCompaniesToCSV.swift */; };
		38C259E62E0E653A00233CFE /* Kingfisher in Frameworks */ = {isa = PBXBuildFile; productRef = 38C259E52E0E653A00233CFE /* Kingfisher */; };
		38C259EB2E0FB2CE00233CFE /* MockData.swift in Sources */ = {isa = PBXBuildFile; fileRef = 38C259EA2E0FB2CE00233CFE /* MockData.swift */; };
		38C259ED2E104D6500233CFE /* Company.swift in Sources */ = {isa = PBXBuildFile; fileRef = 38C259EC2E104D6500233CFE /* Company.swift */; };
		38C259F12E10559300233CFE /* Constants.swift in Sources */ = {isa = PBXBuildFile; fileRef = 38C259F02E10559300233CFE /* Constants.swift */; };
		38C259F52E106ABF00233CFE /* JMarker.swift in Sources */ = {isa = PBXBuildFile; fileRef = 38C259F42E106ABF00233CFE /* JMarker.swift */; };
		38C259F72E106E6B00233CFE /* Styles.swift in Sources */ = {isa = PBXBuildFile; fileRef = 38C259F62E106E6B00233CFE /* Styles.swift */; };
		38C259F92E10745300233CFE /* CompanyDetails.swift in Sources */ = {isa = PBXBuildFile; fileRef = 38C259F82E10745300233CFE /* CompanyDetails.swift */; };
		38C259FC2E1074D900233CFE /* imageURL.swift in Sources */ = {isa = PBXBuildFile; fileRef = 38C259FB2E1074D900233CFE /* imageURL.swift */; };
		38C259FF2E1075FB00233CFE /* CloseIcon.swift in Sources */ = {isa = PBXBuildFile; fileRef = 38C259FE2E1075FB00233CFE /* CloseIcon.swift */; };
		38C25A012E1081C600233CFE /* openInMaps.swift in Sources */ = {isa = PBXBuildFile; fileRef = 38C25A002E1081C600233CFE /* openInMaps.swift */; };
		38C25A042E10862300233CFE /* Check.swift in Sources */ = {isa = PBXBuildFile; fileRef = 38C25A032E10862300233CFE /* Check.swift */; };
		38C25A062E10884900233CFE /* UserWrapper.swift in Sources */ = {isa = PBXBuildFile; fileRef = 38C25A052E10884900233CFE /* UserWrapper.swift */; };
		38C25A082E109B2400233CFE /* companyChecked.swift in Sources */ = {isa = PBXBuildFile; fileRef = 38C25A072E109B2400233CFE /* companyChecked.swift */; };
		38C25A0B2E109C3900233CFE /* View+TextModifiers.swift in Sources */ = {isa = PBXBuildFile; fileRef = 38C25A0A2E109C3900233CFE /* View+TextModifiers.swift */; };
		38C25A0D2E109D1E00233CFE /* JDateFormatter.swift in Sources */ = {isa = PBXBuildFile; fileRef = 38C25A0C2E109D1E00233CFE /* JDateFormatter.swift */; };
		38C25A0F2E109EB800233CFE /* InlineLogo.swift in Sources */ = {isa = PBXBuildFile; fileRef = 38C25A0E2E109EB800233CFE /* InlineLogo.swift */; };
		38C25A132E10A38F00233CFE /* check.m4a in Resources */ = {isa = PBXBuildFile; fileRef = 38C25A122E10A38F00233CFE /* check.m4a */; };
		38C25A172E10A9DE00233CFE /* playSound.swift in Sources */ = {isa = PBXBuildFile; fileRef = 38C25A162E10A9DE00233CFE /* playSound.swift */; };
/* End PBXBuildFile section */

/* Begin PBXFileReference section */
		380CB8B52E1268CA00FF5158 /* Settings.swift */ = {isa = PBXFileReference; lastKnownFileType = sourcecode.swift; path = Settings.swift; sourceTree = "<group>"; };
		380CB8B72E126FC300FF5158 /* jTransportationTypeToMK.swift */ = {isa = PBXFileReference; lastKnownFileType = sourcecode.swift; path = jTransportationTypeToMK.swift; sourceTree = "<group>"; };
		380CB8B92E1306B400FF5158 /* FeedbackButton.swift */ = {isa = PBXFileReference; lastKnownFileType = sourcecode.swift; path = FeedbackButton.swift; sourceTree = "<group>"; };
		381C1DC92E11ADE5006BF692 /* randomNonceString.swift */ = {isa = PBXFileReference; lastKnownFileType = sourcecode.swift; path = randomNonceString.swift; sourceTree = "<group>"; };
		381C1DCE2E11C18A006BF692 /* LocationVM.swift */ = {isa = PBXFileReference; lastKnownFileType = sourcecode.swift; path = LocationVM.swift; sourceTree = "<group>"; };
		381C1DD02E11D2BF006BF692 /* showSiteInApp.swift */ = {isa = PBXFileReference; lastKnownFileType = sourcecode.swift; path = showSiteInApp.swift; sourceTree = "<group>"; };
		38303E2A2E0DB0A50085AFC4 /* TechMap.app */ = {isa = PBXFileReference; explicitFileType = wrapper.application; includeInIndex = 0; path = TechMap.app; sourceTree = BUILT_PRODUCTS_DIR; };
		38303E392E0DB1180085AFC4 /* Assets.xcassets */ = {isa = PBXFileReference; lastKnownFileType = folder.assetcatalog; path = Assets.xcassets; sourceTree = "<group>"; };
		38303E3A2E0DB1180085AFC4 /* TabsView.swift */ = {isa = PBXFileReference; lastKnownFileType = sourcecode.swift; path = TabsView.swift; sourceTree = "<group>"; };
		38303E3B2E0DB1180085AFC4 /* TechMap.entitlements */ = {isa = PBXFileReference; lastKnownFileType = text.plist.entitlements; path = TechMap.entitlements; sourceTree = "<group>"; };
		38303E3C2E0DB1180085AFC4 /* TechMapApp.swift */ = {isa = PBXFileReference; lastKnownFileType = sourcecode.swift; path = TechMapApp.swift; sourceTree = "<group>"; };
		38303E452E0DB1650085AFC4 /* MapTabView.swift */ = {isa = PBXFileReference; lastKnownFileType = sourcecode.swift; path = MapTabView.swift; sourceTree = "<group>"; };
		38303E472E0DB16D0085AFC4 /* SettingsTabView.swift */ = {isa = PBXFileReference; lastKnownFileType = sourcecode.swift; path = SettingsTabView.swift; sourceTree = "<group>"; };
		38303E492E0DB17B0085AFC4 /* ListTabView.swift */ = {isa = PBXFileReference; lastKnownFileType = sourcecode.swift; path = ListTabView.swift; sourceTree = "<group>"; };
		38303E4B2E0DF46E0085AFC4 /* GoogleService-Info.plist */ = {isa = PBXFileReference; lastKnownFileType = text.plist.xml; path = "GoogleService-Info.plist"; sourceTree = "<group>"; };
		38303E592E0DF8A10085AFC4 /* Info.plist */ = {isa = PBXFileReference; lastKnownFileType = text.plist; path = Info.plist; sourceTree = "<group>"; };
		38303E5B2E0E00970085AFC4 /* FirebaseVM.swift */ = {isa = PBXFileReference; lastKnownFileType = sourcecode.swift; path = FirebaseVM.swift; sourceTree = "<group>"; };
		383EF5062E190E7200C6799E /* RatingButton.swift */ = {isa = PBXFileReference; lastKnownFileType = sourcecode.swift; path = RatingButton.swift; sourceTree = "<group>"; };
		383EF5082E1A473700C6799E /* zoomTo.swift */ = {isa = PBXFileReference; lastKnownFileType = sourcecode.swift; path = zoomTo.swift; sourceTree = "<group>"; };
		383EF50A2E1C38E000C6799E /* MoreOptionsView.swift */ = {isa = PBXFileReference; lastKnownFileType = sourcecode.swift; path = MoreOptionsView.swift; sourceTree = "<group>"; };
		383EF50C2E1C40E700C6799E /* exportCompaniesToCSV.swift */ = {isa = PBXFileReference; lastKnownFileType = sourcecode.swift; path = exportCompaniesToCSV.swift; sourceTree = "<group>"; };
		38C259EA2E0FB2CE00233CFE /* MockData.swift */ = {isa = PBXFileReference; lastKnownFileType = sourcecode.swift; path = MockData.swift; sourceTree = "<group>"; };
		38C259EC2E104D6500233CFE /* Company.swift */ = {isa = PBXFileReference; lastKnownFileType = sourcecode.swift; path = Company.swift; sourceTree = "<group>"; };
		38C259F02E10559300233CFE /* Constants.swift */ = {isa = PBXFileReference; lastKnownFileType = sourcecode.swift; path = Constants.swift; sourceTree = "<group>"; };
		38C259F42E106ABF00233CFE /* JMarker.swift */ = {isa = PBXFileReference; lastKnownFileType = sourcecode.swift; path = JMarker.swift; sourceTree = "<group>"; };
		38C259F62E106E6B00233CFE /* Styles.swift */ = {isa = PBXFileReference; lastKnownFileType = sourcecode.swift; path = Styles.swift; sourceTree = "<group>"; };
		38C259F82E10745300233CFE /* CompanyDetails.swift */ = {isa = PBXFileReference; lastKnownFileType = sourcecode.swift; path = CompanyDetails.swift; sourceTree = "<group>"; };
		38C259FB2E1074D900233CFE /* imageURL.swift */ = {isa = PBXFileReference; lastKnownFileType = sourcecode.swift; path = imageURL.swift; sourceTree = "<group>"; };
		38C259FE2E1075FB00233CFE /* CloseIcon.swift */ = {isa = PBXFileReference; lastKnownFileType = sourcecode.swift; path = CloseIcon.swift; sourceTree = "<group>"; };
		38C25A002E1081C600233CFE /* openInMaps.swift */ = {isa = PBXFileReference; lastKnownFileType = sourcecode.swift; path = openInMaps.swift; sourceTree = "<group>"; };
		38C25A032E10862300233CFE /* Check.swift */ = {isa = PBXFileReference; lastKnownFileType = sourcecode.swift; path = Check.swift; sourceTree = "<group>"; };
		38C25A052E10884900233CFE /* UserWrapper.swift */ = {isa = PBXFileReference; lastKnownFileType = sourcecode.swift; path = UserWrapper.swift; sourceTree = "<group>"; };
		38C25A072E109B2400233CFE /* companyChecked.swift */ = {isa = PBXFileReference; lastKnownFileType = sourcecode.swift; path = companyChecked.swift; sourceTree = "<group>"; };
		38C25A0A2E109C3900233CFE /* View+TextModifiers.swift */ = {isa = PBXFileReference; lastKnownFileType = sourcecode.swift; path = "View+TextModifiers.swift"; sourceTree = "<group>"; };
		38C25A0C2E109D1E00233CFE /* JDateFormatter.swift */ = {isa = PBXFileReference; lastKnownFileType = sourcecode.swift; path = JDateFormatter.swift; sourceTree = "<group>"; };
		38C25A0E2E109EB800233CFE /* InlineLogo.swift */ = {isa = PBXFileReference; lastKnownFileType = sourcecode.swift; path = InlineLogo.swift; sourceTree = "<group>"; };
		38C25A122E10A38F00233CFE /* check.m4a */ = {isa = PBXFileReference; lastKnownFileType = file; path = check.m4a; sourceTree = "<group>"; };
		38C25A162E10A9DE00233CFE /* playSound.swift */ = {isa = PBXFileReference; lastKnownFileType = sourcecode.swift; path = playSound.swift; sourceTree = "<group>"; };
/* End PBXFileReference section */

/* Begin PBXFrameworksBuildPhase section */
		38303E272E0DB0A50085AFC4 /* Frameworks */ = {
			isa = PBXFrameworksBuildPhase;
			buildActionMask = 2147483647;
			files = (
				38C259E62E0E653A00233CFE /* Kingfisher in Frameworks */,
				38303E582E0DF8620085AFC4 /* GoogleSignInSwift in Frameworks */,
				38303E4F2E0DF55D0085AFC4 /* FirebaseAnalytics in Frameworks */,
				38303E562E0DF8620085AFC4 /* GoogleSignIn in Frameworks */,
				38303E512E0DF55D0085AFC4 /* FirebaseAuth in Frameworks */,
				38303E532E0DF55D0085AFC4 /* FirebaseFirestore in Frameworks */,
			);
			runOnlyForDeploymentPostprocessing = 0;
		};
/* End PBXFrameworksBuildPhase section */

/* Begin PBXGroup section */
		38303E212E0DB0A50085AFC4 = {
			isa = PBXGroup;
			children = (
				38303E3D2E0DB1180085AFC4 /* TechMap */,
				38303E2B2E0DB0A50085AFC4 /* Products */,
			);
			sourceTree = "<group>";
		};
		38303E2B2E0DB0A50085AFC4 /* Products */ = {
			isa = PBXGroup;
			children = (
				38303E2A2E0DB0A50085AFC4 /* TechMap.app */,
			);
			name = Products;
			sourceTree = "<group>";
		};
		38303E3D2E0DB1180085AFC4 /* TechMap */ = {
			isa = PBXGroup;
			children = (
				38303E592E0DF8A10085AFC4 /* Info.plist */,
				38303E3B2E0DB1180085AFC4 /* TechMap.entitlements */,
				38303E392E0DB1180085AFC4 /* Assets.xcassets */,
				38303E4B2E0DF46E0085AFC4 /* GoogleService-Info.plist */,
				38303E3C2E0DB1180085AFC4 /* TechMapApp.swift */,
				38C25A052E10884900233CFE /* UserWrapper.swift */,
				38303E3A2E0DB1180085AFC4 /* TabsView.swift */,
				38303E412E0DB1400085AFC4 /* Tabs */,
				38303E5A2E0E00740085AFC4 /* Model */,
				38C259FD2E1075F100233CFE /* Components */,
				38C259FA2E1074B400233CFE /* Utils */,
				38C25A092E109C3100233CFE /* Extensions */,
				38C25A022E1085EC00233CFE /* Constants */,
			);
			path = TechMap;
			sourceTree = "<group>";
		};
		38303E412E0DB1400085AFC4 /* Tabs */ = {
			isa = PBXGroup;
			children = (
				38303E432E0DB14A0085AFC4 /* Map */,
				38303E442E0DB14D0085AFC4 /* List */,
				38303E422E0DB1470085AFC4 /* Settings */,
			);
			path = Tabs;
			sourceTree = "<group>";
		};
		38303E422E0DB1470085AFC4 /* Settings */ = {
			isa = PBXGroup;
			children = (
				38303E472E0DB16D0085AFC4 /* SettingsTabView.swift */,
				383EF50A2E1C38E000C6799E /* MoreOptionsView.swift */,
				383EF5062E190E7200C6799E /* RatingButton.swift */,
				380CB8B92E1306B400FF5158 /* FeedbackButton.swift */,
			);
			path = Settings;
			sourceTree = "<group>";
		};
		38303E432E0DB14A0085AFC4 /* Map */ = {
			isa = PBXGroup;
			children = (
				38303E452E0DB1650085AFC4 /* MapTabView.swift */,
				38C259F42E106ABF00233CFE /* JMarker.swift */,
				38C259F82E10745300233CFE /* CompanyDetails.swift */,
			);
			path = Map;
			sourceTree = "<group>";
		};
		38303E442E0DB14D0085AFC4 /* List */ = {
			isa = PBXGroup;
			children = (
				38303E492E0DB17B0085AFC4 /* ListTabView.swift */,
			);
			path = List;
			sourceTree = "<group>";
		};
		38303E5A2E0E00740085AFC4 /* Model */ = {
			isa = PBXGroup;
			children = (
				38303E5B2E0E00970085AFC4 /* FirebaseVM.swift */,
				381C1DCE2E11C18A006BF692 /* LocationVM.swift */,
				38C259EC2E104D6500233CFE /* Company.swift */,
				380CB8B52E1268CA00FF5158 /* Settings.swift */,
				38C25A032E10862300233CFE /* Check.swift */,
			);
			path = Model;
			sourceTree = "<group>";
		};
		38C259FA2E1074B400233CFE /* Utils */ = {
			isa = PBXGroup;
			children = (
				381C1DC92E11ADE5006BF692 /* randomNonceString.swift */,
				38C259FB2E1074D900233CFE /* imageURL.swift */,
				38C25A002E1081C600233CFE /* openInMaps.swift */,
				38C25A072E109B2400233CFE /* companyChecked.swift */,
				38C25A0C2E109D1E00233CFE /* JDateFormatter.swift */,
				38C25A162E10A9DE00233CFE /* playSound.swift */,
				38C25A122E10A38F00233CFE /* check.m4a */,
				381C1DD02E11D2BF006BF692 /* showSiteInApp.swift */,
				380CB8B72E126FC300FF5158 /* jTransportationTypeToMK.swift */,
				383EF5082E1A473700C6799E /* zoomTo.swift */,
				383EF50C2E1C40E700C6799E /* exportCompaniesToCSV.swift */,
			);
			path = Utils;
			sourceTree = "<group>";
		};
		38C259FD2E1075F100233CFE /* Components */ = {
			isa = PBXGroup;
			children = (
				38C259FE2E1075FB00233CFE /* CloseIcon.swift */,
				38C25A0E2E109EB800233CFE /* InlineLogo.swift */,
			);
			path = Components;
			sourceTree = "<group>";
		};
		38C25A022E1085EC00233CFE /* Constants */ = {
			isa = PBXGroup;
			children = (
				38C259EA2E0FB2CE00233CFE /* MockData.swift */,
				38C259F02E10559300233CFE /* Constants.swift */,
				38C259F62E106E6B00233CFE /* Styles.swift */,
			);
			path = Constants;
			sourceTree = "<group>";
		};
		38C25A092E109C3100233CFE /* Extensions */ = {
			isa = PBXGroup;
			children = (
				38C25A0A2E109C3900233CFE /* View+TextModifiers.swift */,
			);
			path = Extensions;
			sourceTree = "<group>";
		};
/* End PBXGroup section */

/* Begin PBXNativeTarget section */
		38303E292E0DB0A50085AFC4 /* TechMap */ = {
			isa = PBXNativeTarget;
			buildConfigurationList = 38303E362E0DB0A70085AFC4 /* Build configuration list for PBXNativeTarget "TechMap" */;
			buildPhases = (
				38303E262E0DB0A50085AFC4 /* Sources */,
				38303E272E0DB0A50085AFC4 /* Frameworks */,
				38303E282E0DB0A50085AFC4 /* Resources */,
			);
			buildRules = (
			);
			dependencies = (
			);
			name = TechMap;
			packageProductDependencies = (
				38303E4E2E0DF55D0085AFC4 /* FirebaseAnalytics */,
				38303E502E0DF55D0085AFC4 /* FirebaseAuth */,
				38303E522E0DF55D0085AFC4 /* FirebaseFirestore */,
				38303E552E0DF8620085AFC4 /* GoogleSignIn */,
				38303E572E0DF8620085AFC4 /* GoogleSignInSwift */,
				38C259E52E0E653A00233CFE /* Kingfisher */,
			);
			productName = TechMap;
			productReference = 38303E2A2E0DB0A50085AFC4 /* TechMap.app */;
			productType = "com.apple.product-type.application";
		};
/* End PBXNativeTarget section */

/* Begin PBXProject section */
		38303E222E0DB0A50085AFC4 /* Project object */ = {
			isa = PBXProject;
			attributes = {
				BuildIndependentTargetsInParallel = 1;
				LastSwiftUpdateCheck = 1640;
				LastUpgradeCheck = 1640;
				TargetAttributes = {
					38303E292E0DB0A50085AFC4 = {
						CreatedOnToolsVersion = 16.4;
					};
				};
			};
			buildConfigurationList = 38303E252E0DB0A50085AFC4 /* Build configuration list for PBXProject "TechMap" */;
			developmentRegion = en;
			hasScannedForEncodings = 0;
			knownRegions = (
				en,
				Base,
			);
			mainGroup = 38303E212E0DB0A50085AFC4;
			minimizedProjectReferenceProxies = 1;
			packageReferences = (
				38303E4D2E0DF55D0085AFC4 /* XCRemoteSwiftPackageReference "firebase-ios-sdk" */,
				38303E542E0DF8620085AFC4 /* XCRemoteSwiftPackageReference "GoogleSignIn-iOS" */,
				38C259E42E0E653A00233CFE /* XCRemoteSwiftPackageReference "Kingfisher" */,
			);
			preferredProjectObjectVersion = 77;
			productRefGroup = 38303E2B2E0DB0A50085AFC4 /* Products */;
			projectDirPath = "";
			projectRoot = "";
			targets = (
				38303E292E0DB0A50085AFC4 /* TechMap */,
			);
		};
/* End PBXProject section */

/* Begin PBXResourcesBuildPhase section */
		38303E282E0DB0A50085AFC4 /* Resources */ = {
			isa = PBXResourcesBuildPhase;
			buildActionMask = 2147483647;
			files = (
				38303E402E0DB1180085AFC4 /* Assets.xcassets in Resources */,
				38303E4C2E0DF46E0085AFC4 /* GoogleService-Info.plist in Resources */,
				38C25A132E10A38F00233CFE /* check.m4a in Resources */,
			);
			runOnlyForDeploymentPostprocessing = 0;
		};
/* End PBXResourcesBuildPhase section */

/* Begin PBXSourcesBuildPhase section */
		38303E262E0DB0A50085AFC4 /* Sources */ = {
			isa = PBXSourcesBuildPhase;
			buildActionMask = 2147483647;
			files = (
				380CB8BA2E1306B400FF5158 /* FeedbackButton.swift in Sources */,
				38C259F92E10745300233CFE /* CompanyDetails.swift in Sources */,
				38C259F72E106E6B00233CFE /* Styles.swift in Sources */,
				380CB8B62E1268CA00FF5158 /* Settings.swift in Sources */,
				380CB8B82E126FC300FF5158 /* jTransportationTypeToMK.swift in Sources */,
				383EF50D2E1C40E700C6799E /* exportCompaniesToCSV.swift in Sources */,
				38303E5C2E0E00970085AFC4 /* FirebaseVM.swift in Sources */,
				38303E4A2E0DB17B0085AFC4 /* ListTabView.swift in Sources */,
				381C1DD12E11D2BF006BF692 /* showSiteInApp.swift in Sources */,
				38C25A042E10862300233CFE /* Check.swift in Sources */,
				38C25A082E109B2400233CFE /* companyChecked.swift in Sources */,
				381C1DCA2E11ADE5006BF692 /* randomNonceString.swift in Sources */,
				38C259F52E106ABF00233CFE /* JMarker.swift in Sources */,
				38C25A172E10A9DE00233CFE /* playSound.swift in Sources */,
				38C25A0F2E109EB800233CFE /* InlineLogo.swift in Sources */,
				38C25A0B2E109C3900233CFE /* View+TextModifiers.swift in Sources */,
				38303E3E2E0DB1180085AFC4 /* TabsView.swift in Sources */,
				38C25A012E1081C600233CFE /* openInMaps.swift in Sources */,
				38C25A0D2E109D1E00233CFE /* JDateFormatter.swift in Sources */,
				38303E462E0DB1650085AFC4 /* MapTabView.swift in Sources */,
				38303E3F2E0DB1180085AFC4 /* TechMapApp.swift in Sources */,
				38C259EB2E0FB2CE00233CFE /* MockData.swift in Sources */,
				383EF5072E190E7200C6799E /* RatingButton.swift in Sources */,
				38C259FF2E1075FB00233CFE /* CloseIcon.swift in Sources */,
				38303E482E0DB16D0085AFC4 /* SettingsTabView.swift in Sources */,
				38C259ED2E104D6500233CFE /* Company.swift in Sources */,
				383EF5092E1A473700C6799E /* zoomTo.swift in Sources */,
				383EF50B2E1C38E000C6799E /* MoreOptionsView.swift in Sources */,
				38C25A062E10884900233CFE /* UserWrapper.swift in Sources */,
				38C259FC2E1074D900233CFE /* imageURL.swift in Sources */,
				38C259F12E10559300233CFE /* Constants.swift in Sources */,
				381C1DCF2E11C18A006BF692 /* LocationVM.swift in Sources */,
			);
			runOnlyForDeploymentPostprocessing = 0;
		};
/* End PBXSourcesBuildPhase section */

/* Begin XCBuildConfiguration section */
		38303E342E0DB0A70085AFC4 /* Debug */ = {
			isa = XCBuildConfiguration;
			buildSettings = {
				ALWAYS_SEARCH_USER_PATHS = NO;
				ASSETCATALOG_COMPILER_GENERATE_SWIFT_ASSET_SYMBOL_EXTENSIONS = YES;
				CLANG_ANALYZER_NONNULL = YES;
				CLANG_ANALYZER_NUMBER_OBJECT_CONVERSION = YES_AGGRESSIVE;
				CLANG_CXX_LANGUAGE_STANDARD = "gnu++20";
				CLANG_ENABLE_MODULES = YES;
				CLANG_ENABLE_OBJC_ARC = YES;
				CLANG_ENABLE_OBJC_WEAK = YES;
				CLANG_WARN_BLOCK_CAPTURE_AUTORELEASING = YES;
				CLANG_WARN_BOOL_CONVERSION = YES;
				CLANG_WARN_COMMA = YES;
				CLANG_WARN_CONSTANT_CONVERSION = YES;
				CLANG_WARN_DEPRECATED_OBJC_IMPLEMENTATIONS = YES;
				CLANG_WARN_DIRECT_OBJC_ISA_USAGE = YES_ERROR;
				CLANG_WARN_DOCUMENTATION_COMMENTS = YES;
				CLANG_WARN_EMPTY_BODY = YES;
				CLANG_WARN_ENUM_CONVERSION = YES;
				CLANG_WARN_INFINITE_RECURSION = YES;
				CLANG_WARN_INT_CONVERSION = YES;
				CLANG_WARN_NON_LITERAL_NULL_CONVERSION = YES;
				CLANG_WARN_OBJC_IMPLICIT_RETAIN_SELF = YES;
				CLANG_WARN_OBJC_LITERAL_CONVERSION = YES;
				CLANG_WARN_OBJC_ROOT_CLASS = YES_ERROR;
				CLANG_WARN_QUOTED_INCLUDE_IN_FRAMEWORK_HEADER = YES;
				CLANG_WARN_RANGE_LOOP_ANALYSIS = YES;
				CLANG_WARN_STRICT_PROTOTYPES = YES;
				CLANG_WARN_SUSPICIOUS_MOVE = YES;
				CLANG_WARN_UNGUARDED_AVAILABILITY = YES_AGGRESSIVE;
				CLANG_WARN_UNREACHABLE_CODE = YES;
				CLANG_WARN__DUPLICATE_METHOD_MATCH = YES;
				COPY_PHASE_STRIP = NO;
				DEBUG_INFORMATION_FORMAT = dwarf;
				DEVELOPMENT_TEAM = GL5565HTUX;
				ENABLE_STRICT_OBJC_MSGSEND = YES;
				ENABLE_TESTABILITY = YES;
				ENABLE_USER_SCRIPT_SANDBOXING = YES;
				GCC_C_LANGUAGE_STANDARD = gnu17;
				GCC_DYNAMIC_NO_PIC = NO;
				GCC_NO_COMMON_BLOCKS = YES;
				GCC_OPTIMIZATION_LEVEL = 0;
				GCC_PREPROCESSOR_DEFINITIONS = (
					"DEBUG=1",
					"$(inherited)",
				);
				GCC_WARN_64_TO_32_BIT_CONVERSION = YES;
				GCC_WARN_ABOUT_RETURN_TYPE = YES_ERROR;
				GCC_WARN_UNDECLARED_SELECTOR = YES;
				GCC_WARN_UNINITIALIZED_AUTOS = YES_AGGRESSIVE;
				GCC_WARN_UNUSED_FUNCTION = YES;
				GCC_WARN_UNUSED_VARIABLE = YES;
				LOCALIZATION_PREFERS_STRING_CATALOGS = YES;
				MTL_ENABLE_DEBUG_INFO = INCLUDE_SOURCE;
				MTL_FAST_MATH = YES;
				ONLY_ACTIVE_ARCH = YES;
				SWIFT_ACTIVE_COMPILATION_CONDITIONS = "DEBUG $(inherited)";
				SWIFT_OPTIMIZATION_LEVEL = "-Onone";
			};
			name = Debug;
		};
		38303E352E0DB0A70085AFC4 /* Release */ = {
			isa = XCBuildConfiguration;
			buildSettings = {
				ALWAYS_SEARCH_USER_PATHS = NO;
				ASSETCATALOG_COMPILER_GENERATE_SWIFT_ASSET_SYMBOL_EXTENSIONS = YES;
				CLANG_ANALYZER_NONNULL = YES;
				CLANG_ANALYZER_NUMBER_OBJECT_CONVERSION = YES_AGGRESSIVE;
				CLANG_CXX_LANGUAGE_STANDARD = "gnu++20";
				CLANG_ENABLE_MODULES = YES;
				CLANG_ENABLE_OBJC_ARC = YES;
				CLANG_ENABLE_OBJC_WEAK = YES;
				CLANG_WARN_BLOCK_CAPTURE_AUTORELEASING = YES;
				CLANG_WARN_BOOL_CONVERSION = YES;
				CLANG_WARN_COMMA = YES;
				CLANG_WARN_CONSTANT_CONVERSION = YES;
				CLANG_WARN_DEPRECATED_OBJC_IMPLEMENTATIONS = YES;
				CLANG_WARN_DIRECT_OBJC_ISA_USAGE = YES_ERROR;
				CLANG_WARN_DOCUMENTATION_COMMENTS = YES;
				CLANG_WARN_EMPTY_BODY = YES;
				CLANG_WARN_ENUM_CONVERSION = YES;
				CLANG_WARN_INFINITE_RECURSION = YES;
				CLANG_WARN_INT_CONVERSION = YES;
				CLANG_WARN_NON_LITERAL_NULL_CONVERSION = YES;
				CLANG_WARN_OBJC_IMPLICIT_RETAIN_SELF = YES;
				CLANG_WARN_OBJC_LITERAL_CONVERSION = YES;
				CLANG_WARN_OBJC_ROOT_CLASS = YES_ERROR;
				CLANG_WARN_QUOTED_INCLUDE_IN_FRAMEWORK_HEADER = YES;
				CLANG_WARN_RANGE_LOOP_ANALYSIS = YES;
				CLANG_WARN_STRICT_PROTOTYPES = YES;
				CLANG_WARN_SUSPICIOUS_MOVE = YES;
				CLANG_WARN_UNGUARDED_AVAILABILITY = YES_AGGRESSIVE;
				CLANG_WARN_UNREACHABLE_CODE = YES;
				CLANG_WARN__DUPLICATE_METHOD_MATCH = YES;
				COPY_PHASE_STRIP = NO;
				DEBUG_INFORMATION_FORMAT = "dwarf-with-dsym";
				DEVELOPMENT_TEAM = GL5565HTUX;
				ENABLE_NS_ASSERTIONS = NO;
				ENABLE_STRICT_OBJC_MSGSEND = YES;
				ENABLE_USER_SCRIPT_SANDBOXING = YES;
				GCC_C_LANGUAGE_STANDARD = gnu17;
				GCC_NO_COMMON_BLOCKS = YES;
				GCC_WARN_64_TO_32_BIT_CONVERSION = YES;
				GCC_WARN_ABOUT_RETURN_TYPE = YES_ERROR;
				GCC_WARN_UNDECLARED_SELECTOR = YES;
				GCC_WARN_UNINITIALIZED_AUTOS = YES_AGGRESSIVE;
				GCC_WARN_UNUSED_FUNCTION = YES;
				GCC_WARN_UNUSED_VARIABLE = YES;
				LOCALIZATION_PREFERS_STRING_CATALOGS = YES;
				MTL_ENABLE_DEBUG_INFO = NO;
				MTL_FAST_MATH = YES;
				SWIFT_COMPILATION_MODE = wholemodule;
			};
			name = Release;
		};
		38303E372E0DB0A70085AFC4 /* Debug */ = {
			isa = XCBuildConfiguration;
			buildSettings = {
				ASSETCATALOG_COMPILER_APPICON_NAME = AppIcon;
				ASSETCATALOG_COMPILER_GLOBAL_ACCENT_COLOR_NAME = AccentColor;
				CODE_SIGN_ENTITLEMENTS = TechMap/TechMap.entitlements;
				CODE_SIGN_STYLE = Automatic;
				CURRENT_PROJECT_VERSION = 4;
				DEVELOPMENT_TEAM = GL5565HTUX;
				ENABLE_HARDENED_RUNTIME = YES;
				ENABLE_PREVIEWS = YES;
				GENERATE_INFOPLIST_FILE = YES;
				INFOPLIST_FILE = TechMap/Info.plist;
				INFOPLIST_KEY_CFBundleDisplayName = TechMap;
				INFOPLIST_KEY_LSApplicationCategoryType = "public.app-category.travel";
				"INFOPLIST_KEY_UIApplicationSceneManifest_Generation[sdk=iphoneos*]" = YES;
				"INFOPLIST_KEY_UIApplicationSceneManifest_Generation[sdk=iphonesimulator*]" = YES;
				"INFOPLIST_KEY_UIApplicationSupportsIndirectInputEvents[sdk=iphoneos*]" = YES;
				"INFOPLIST_KEY_UIApplicationSupportsIndirectInputEvents[sdk=iphonesimulator*]" = YES;
				"INFOPLIST_KEY_UILaunchScreen_Generation[sdk=iphoneos*]" = YES;
				"INFOPLIST_KEY_UILaunchScreen_Generation[sdk=iphonesimulator*]" = YES;
				"INFOPLIST_KEY_UIStatusBarStyle[sdk=iphoneos*]" = UIStatusBarStyleDefault;
				"INFOPLIST_KEY_UIStatusBarStyle[sdk=iphonesimulator*]" = UIStatusBarStyleDefault;
				INFOPLIST_KEY_UISupportedInterfaceOrientations_iPad = "UIInterfaceOrientationPortrait UIInterfaceOrientationPortraitUpsideDown UIInterfaceOrientationLandscapeLeft UIInterfaceOrientationLandscapeRight";
				INFOPLIST_KEY_UISupportedInterfaceOrientations_iPhone = "UIInterfaceOrientationPortrait UIInterfaceOrientationLandscapeLeft UIInterfaceOrientationLandscapeRight";
				IPHONEOS_DEPLOYMENT_TARGET = 18.0;
				LD_RUNPATH_SEARCH_PATHS = "@executable_path/Frameworks";
				"LD_RUNPATH_SEARCH_PATHS[sdk=macosx*]" = "@executable_path/../Frameworks";
				MACOSX_DEPLOYMENT_TARGET = 15.5;
				MARKETING_VERSION = 1.0;
				PRODUCT_BUNDLE_IDENTIFIER = com.joelgrayson.TechMap;
				PRODUCT_NAME = "$(TARGET_NAME)";
				REGISTER_APP_GROUPS = YES;
				SDKROOT = auto;
				SUPPORTED_PLATFORMS = "iphoneos iphonesimulator";
				SUPPORTS_MACCATALYST = NO;
				SUPPORTS_MAC_DESIGNED_FOR_IPHONE_IPAD = YES;
				SWIFT_EMIT_LOC_STRINGS = YES;
				SWIFT_VERSION = 5.0;
				TARGETED_DEVICE_FAMILY = "1,2";
				XROS_DEPLOYMENT_TARGET = 2.5;
			};
			name = Debug;
		};
		38303E382E0DB0A70085AFC4 /* Release */ = {
			isa = XCBuildConfiguration;
			buildSettings = {
				ASSETCATALOG_COMPILER_APPICON_NAME = AppIcon;
				ASSETCATALOG_COMPILER_GLOBAL_ACCENT_COLOR_NAME = AccentColor;
				CODE_SIGN_ENTITLEMENTS = TechMap/TechMap.entitlements;
				CODE_SIGN_STYLE = Automatic;
				CURRENT_PROJECT_VERSION = 4;
				DEVELOPMENT_TEAM = GL5565HTUX;
				ENABLE_HARDENED_RUNTIME = YES;
				ENABLE_PREVIEWS = YES;
				GENERATE_INFOPLIST_FILE = YES;
				INFOPLIST_FILE = TechMap/Info.plist;
				INFOPLIST_KEY_CFBundleDisplayName = TechMap;
				INFOPLIST_KEY_LSApplicationCategoryType = "public.app-category.travel";
				"INFOPLIST_KEY_UIApplicationSceneManifest_Generation[sdk=iphoneos*]" = YES;
				"INFOPLIST_KEY_UIApplicationSceneManifest_Generation[sdk=iphonesimulator*]" = YES;
				"INFOPLIST_KEY_UIApplicationSupportsIndirectInputEvents[sdk=iphoneos*]" = YES;
				"INFOPLIST_KEY_UIApplicationSupportsIndirectInputEvents[sdk=iphonesimulator*]" = YES;
				"INFOPLIST_KEY_UILaunchScreen_Generation[sdk=iphoneos*]" = YES;
				"INFOPLIST_KEY_UILaunchScreen_Generation[sdk=iphonesimulator*]" = YES;
				"INFOPLIST_KEY_UIStatusBarStyle[sdk=iphoneos*]" = UIStatusBarStyleDefault;
				"INFOPLIST_KEY_UIStatusBarStyle[sdk=iphonesimulator*]" = UIStatusBarStyleDefault;
				INFOPLIST_KEY_UISupportedInterfaceOrientations_iPad = "UIInterfaceOrientationPortrait UIInterfaceOrientationPortraitUpsideDown UIInterfaceOrientationLandscapeLeft UIInterfaceOrientationLandscapeRight";
				INFOPLIST_KEY_UISupportedInterfaceOrientations_iPhone = "UIInterfaceOrientationPortrait UIInterfaceOrientationLandscapeLeft UIInterfaceOrientationLandscapeRight";
				IPHONEOS_DEPLOYMENT_TARGET = 18.0;
				LD_RUNPATH_SEARCH_PATHS = "@executable_path/Frameworks";
				"LD_RUNPATH_SEARCH_PATHS[sdk=macosx*]" = "@executable_path/../Frameworks";
				MACOSX_DEPLOYMENT_TARGET = 15.5;
				MARKETING_VERSION = 1.0;
				PRODUCT_BUNDLE_IDENTIFIER = com.joelgrayson.TechMap;
				PRODUCT_NAME = "$(TARGET_NAME)";
				REGISTER_APP_GROUPS = YES;
				SDKROOT = auto;
				SUPPORTED_PLATFORMS = "iphoneos iphonesimulator";
				SUPPORTS_MACCATALYST = NO;
				SUPPORTS_MAC_DESIGNED_FOR_IPHONE_IPAD = YES;
				SWIFT_EMIT_LOC_STRINGS = YES;
				SWIFT_VERSION = 5.0;
				TARGETED_DEVICE_FAMILY = "1,2";
				XROS_DEPLOYMENT_TARGET = 2.5;
			};
			name = Release;
		};
/* End XCBuildConfiguration section */

/* Begin XCConfigurationList section */
		38303E252E0DB0A50085AFC4 /* Build configuration list for PBXProject "TechMap" */ = {
			isa = XCConfigurationList;
			buildConfigurations = (
				38303E342E0DB0A70085AFC4 /* Debug */,
				38303E352E0DB0A70085AFC4 /* Release */,
			);
			defaultConfigurationIsVisible = 0;
			defaultConfigurationName = Release;
		};
		38303E362E0DB0A70085AFC4 /* Build configuration list for PBXNativeTarget "TechMap" */ = {
			isa = XCConfigurationList;
			buildConfigurations = (
				38303E372E0DB0A70085AFC4 /* Debug */,
				38303E382E0DB0A70085AFC4 /* Release */,
			);
			defaultConfigurationIsVisible = 0;
			defaultConfigurationName = Release;
		};
/* End XCConfigurationList section */

/* Begin XCRemoteSwiftPackageReference section */
		38303E4D2E0DF55D0085AFC4 /* XCRemoteSwiftPackageReference "firebase-ios-sdk" */ = {
			isa = XCRemoteSwiftPackageReference;
			repositoryURL = "https://github.com/firebase/firebase-ios-sdk.git";
			requirement = {
				kind = upToNextMajorVersion;
				minimumVersion = 11.15.0;
			};
		};
		38303E542E0DF8620085AFC4 /* XCRemoteSwiftPackageReference "GoogleSignIn-iOS" */ = {
			isa = XCRemoteSwiftPackageReference;
			repositoryURL = "https://github.com/google/GoogleSignIn-iOS";
			requirement = {
				kind = upToNextMajorVersion;
				minimumVersion = 8.0.0;
			};
		};
		38C259E42E0E653A00233CFE /* XCRemoteSwiftPackageReference "Kingfisher" */ = {
			isa = XCRemoteSwiftPackageReference;
			repositoryURL = "https://github.com/onevcat/Kingfisher.git";
			requirement = {
				kind = upToNextMajorVersion;
				minimumVersion = 8.3.3;
			};
		};
/* End XCRemoteSwiftPackageReference section */

/* Begin XCSwiftPackageProductDependency section */
		38303E4E2E0DF55D0085AFC4 /* FirebaseAnalytics */ = {
			isa = XCSwiftPackageProductDependency;
			package = 38303E4D2E0DF55D0085AFC4 /* XCRemoteSwiftPackageReference "firebase-ios-sdk" */;
			productName = FirebaseAnalytics;
		};
		38303E502E0DF55D0085AFC4 /* FirebaseAuth */ = {
			isa = XCSwiftPackageProductDependency;
			package = 38303E4D2E0DF55D0085AFC4 /* XCRemoteSwiftPackageReference "firebase-ios-sdk" */;
			productName = FirebaseAuth;
		};
		38303E522E0DF55D0085AFC4 /* FirebaseFirestore */ = {
			isa = XCSwiftPackageProductDependency;
			package = 38303E4D2E0DF55D0085AFC4 /* XCRemoteSwiftPackageReference "firebase-ios-sdk" */;
			productName = FirebaseFirestore;
		};
		38303E552E0DF8620085AFC4 /* GoogleSignIn */ = {
			isa = XCSwiftPackageProductDependency;
			package = 38303E542E0DF8620085AFC4 /* XCRemoteSwiftPackageReference "GoogleSignIn-iOS" */;
			productName = GoogleSignIn;
		};
		38303E572E0DF8620085AFC4 /* GoogleSignInSwift */ = {
			isa = XCSwiftPackageProductDependency;
			package = 38303E542E0DF8620085AFC4 /* XCRemoteSwiftPackageReference "GoogleSignIn-iOS" */;
			productName = GoogleSignInSwift;
		};
		38C259E52E0E653A00233CFE /* Kingfisher */ = {
			isa = XCSwiftPackageProductDependency;
			package = 38C259E42E0E653A00233CFE /* XCRemoteSwiftPackageReference "Kingfisher" */;
			productName = Kingfisher;
		};
/* End XCSwiftPackageProductDependency section */
	};
	rootObject = 38303E222E0DB0A50085AFC4 /* Project object */;
}
